GEM
  remote: https://rubygems.org/
  specs:
    base64 (0.3.0)
    fiddle (1.1.8)
    logger (1.7.0)
    mustermann (3.1.1)
    ostruct (0.6.3)
    rack (3.2.6)
    rack-protection (4.2.1)
      base64 (>= 0.1.0)
      logger (>= 1.6.0)
      rack (>= 3.0.0, < 4)
    rack-session (2.1.2)
      base64 (>= 0.1.0)
      rack (>= 3.0.0)
    rackup (2.3.1)
      rack (>= 3)
    sinatra (4.2.1)
      logger (>= 1.6.0)
      mustermann (~> 3.0)
      rack (>= 3.0.0, < 4)
      rack-protection (= 4.2.1)
      rack-session (>= 2.0.0, < 3)
      tilt (~> 2.0)
    sqlite3 (2.9.1-x64-mingw-ucrt)
    sqlite3 (2.9.1-x86_64-linux-gnu)
    tilt (2.7.0)
    webrick (1.9.2)

PLATFORMS
  x64-mingw-ucrt
  x86_64-linux

DEPENDENCIES
  fiddle
  ostruct
  rack
  rackup
  sinatra
  sqlite3
  webrick

BUNDLED WITH
   2.6.9
